
Microsoft Visual Studio Solution File, Format Version 12.00
# Visual Studio 2012
Project("{FAE04EC0-301F-11D3-BF4B-00C04F79EFBC}") = "Test6", "Test6\Test6.csproj", "{F906BBAF-A4DF-4184-9F46-E8B6A1F5074D}"
EndProject
Global
	GlobalSection(SolutionConfigurationPlatforms) = preSolution
		Debug|Any CPU = Debug|Any CPU
		Release|Any CPU = Release|Any CPU
	EndGlobalSection
	GlobalSection(ProjectConfigurationPlatforms) = postSolution
		{F906BBAF-A4DF-4184-9F46-E8B6A1F5074D}.Debug|Any CPU.ActiveCfg = Debug|Any CPU
		{F906BBAF-A4DF-4184-9F46-E8B6A1F5074D}.Debug|Any CPU.Build.0 = Debug|Any CPU
		{F906BBAF-A4DF-4184-9F46-E8B6A1F5074D}.Release|Any CPU.ActiveCfg = Release|Any CPU
		{F906BBAF-A4DF-4184-9F46-E8B6A1F5074D}.Release|Any CPU.Build.0 = Release|Any CPU
	EndGlobalSection
	GlobalSection(SolutionProperties) = preSolution
		HideSolutionNode = FALSE
	EndGlobalSection
EndGlobal
