
Microsoft Visual Studio Solution File, Format Version 12.00
# Visual Studio 2012
Project("{FAE04EC0-301F-11D3-BF4B-00C04F79EFBC}") = "Temp_1024_5_1", "Temp_1024_5_1\Temp_1024_5_1.csproj", "{8CA7458B-E0C5-4908-9C00-F3C3247AB813}"
EndProject
Global
	GlobalSection(SolutionConfigurationPlatforms) = preSolution
		Debug|Any CPU = Debug|Any CPU
		Release|Any CPU = Release|Any CPU
	EndGlobalSection
	GlobalSection(ProjectConfigurationPlatforms) = postSolution
		{8CA7458B-E0C5-4908-9C00-F3C3247AB813}.Debug|Any CPU.ActiveCfg = Debug|Any CPU
		{8CA7458B-E0C5-4908-9C00-F3C3247AB813}.Debug|Any CPU.Build.0 = Debug|Any CPU
		{8CA7458B-E0C5-4908-9C00-F3C3247AB813}.Release|Any CPU.ActiveCfg = Release|Any CPU
		{8CA7458B-E0C5-4908-9C00-F3C3247AB813}.Release|Any CPU.Build.0 = Release|Any CPU
	EndGlobalSection
	GlobalSection(SolutionProperties) = preSolution
		HideSolutionNode = FALSE
	EndGlobalSection
EndGlobal
