
Microsoft Visual Studio Solution File, Format Version 12.00
# Visual Studio 2012
Project("{FAE04EC0-301F-11D3-BF4B-00C04F79EFBC}") = "Volunteer_Bike_ManagerSystem", "Volunteer_Bike_ManagerSystem\Volunteer_Bike_ManagerSystem.csproj", "{88277589-2985-40F5-8336-1DC4151C7A8D}"
EndProject
Global
	GlobalSection(SolutionConfigurationPlatforms) = preSolution
		Debug|Any CPU = Debug|Any CPU
		Release|Any CPU = Release|Any CPU
	EndGlobalSection
	GlobalSection(ProjectConfigurationPlatforms) = postSolution
		{88277589-2985-40F5-8336-1DC4151C7A8D}.Debug|Any CPU.ActiveCfg = Debug|Any CPU
		{88277589-2985-40F5-8336-1DC4151C7A8D}.Debug|Any CPU.Build.0 = Debug|Any CPU
		{88277589-2985-40F5-8336-1DC4151C7A8D}.Release|Any CPU.ActiveCfg = Release|Any CPU
		{88277589-2985-40F5-8336-1DC4151C7A8D}.Release|Any CPU.Build.0 = Release|Any CPU
	EndGlobalSection
	GlobalSection(SolutionProperties) = preSolution
		HideSolutionNode = FALSE
	EndGlobalSection
EndGlobal
