
Microsoft Visual Studio Solution File, Format Version 12.00
# Visual Studio 2012
Project("{FAE04EC0-301F-11D3-BF4B-00C04F79EFBC}") = "Temp_1028_6_B", "Temp_1028_6_B\Temp_1028_6_B.csproj", "{479C2C35-2307-4E33-84C9-F6DAB3B06622}"
EndProject
Global
	GlobalSection(SolutionConfigurationPlatforms) = preSolution
		Debug|Any CPU = Debug|Any CPU
		Release|Any CPU = Release|Any CPU
	EndGlobalSection
	GlobalSection(ProjectConfigurationPlatforms) = postSolution
		{479C2C35-2307-4E33-84C9-F6DAB3B06622}.Debug|Any CPU.ActiveCfg = Debug|Any CPU
		{479C2C35-2307-4E33-84C9-F6DAB3B06622}.Debug|Any CPU.Build.0 = Debug|Any CPU
		{479C2C35-2307-4E33-84C9-F6DAB3B06622}.Release|Any CPU.ActiveCfg = Release|Any CPU
		{479C2C35-2307-4E33-84C9-F6DAB3B06622}.Release|Any CPU.Build.0 = Release|Any CPU
	EndGlobalSection
	GlobalSection(SolutionProperties) = preSolution
		HideSolutionNode = FALSE
	EndGlobalSection
EndGlobal
