
Microsoft Visual Studio Solution File, Format Version 12.00
# Visual Studio 2012
Project("{FAE04EC0-301F-11D3-BF4B-00C04F79EFBC}") = "Temp_1101_4_A", "Temp_1101_4_A\Temp_1101_4_A.csproj", "{B29D5094-0C0D-463D-8750-543AB5F463E6}"
EndProject
Global
	GlobalSection(SolutionConfigurationPlatforms) = preSolution
		Debug|Any CPU = Debug|Any CPU
		Release|Any CPU = Release|Any CPU
	EndGlobalSection
	GlobalSection(ProjectConfigurationPlatforms) = postSolution
		{B29D5094-0C0D-463D-8750-543AB5F463E6}.Debug|Any CPU.ActiveCfg = Debug|Any CPU
		{B29D5094-0C0D-463D-8750-543AB5F463E6}.Debug|Any CPU.Build.0 = Debug|Any CPU
		{B29D5094-0C0D-463D-8750-543AB5F463E6}.Release|Any CPU.ActiveCfg = Release|Any CPU
		{B29D5094-0C0D-463D-8750-543AB5F463E6}.Release|Any CPU.Build.0 = Release|Any CPU
	EndGlobalSection
	GlobalSection(SolutionProperties) = preSolution
		HideSolutionNode = FALSE
	EndGlobalSection
EndGlobal
