
Microsoft Visual Studio Solution File, Format Version 12.00
# Visual Studio 2012
Project("{FAE04EC0-301F-11D3-BF4B-00C04F79EFBC}") = "Temp_Scene", "Temp_Scene\Temp_Scene.csproj", "{0829AF87-C72C-43FE-830B-ADDC9D429A97}"
EndProject
Global
	GlobalSection(SolutionConfigurationPlatforms) = preSolution
		Debug|Any CPU = Debug|Any CPU
		Release|Any CPU = Release|Any CPU
	EndGlobalSection
	GlobalSection(ProjectConfigurationPlatforms) = postSolution
		{0829AF87-C72C-43FE-830B-ADDC9D429A97}.Debug|Any CPU.ActiveCfg = Debug|Any CPU
		{0829AF87-C72C-43FE-830B-ADDC9D429A97}.Debug|Any CPU.Build.0 = Debug|Any CPU
		{0829AF87-C72C-43FE-830B-ADDC9D429A97}.Release|Any CPU.ActiveCfg = Release|Any CPU
		{0829AF87-C72C-43FE-830B-ADDC9D429A97}.Release|Any CPU.Build.0 = Release|Any CPU
	EndGlobalSection
	GlobalSection(SolutionProperties) = preSolution
		HideSolutionNode = FALSE
	EndGlobalSection
EndGlobal
